// !$*UTF8*$!
{
	archiveVersion = 1;
	classes = {
	};
	objectVersion = 56;
	objects = {

/* Begin PBXBuildFile section */
		0F0000010000000000000001 /* VoiceRecorderApp.swift in Sources */ = {isa = PBXBuildFile; fileRef = 0F0000010000000000000101 /* VoiceRecorderApp.swift */; };
		0F0000010000000000000002 /* Recording.swift in Sources */ = {isa = PBXBuildFile; fileRef = 0F0000010000000000000102 /* Recording.swift */; };
		0F0000010000000000000003 /* RecorderViewModel.swift in Sources */ = {isa = PBXBuildFile; fileRef = 0F0000010000000000000103 /* RecorderViewModel.swift */; };
		0F0000010000000000000004 /* PlayerViewModel.swift in Sources */ = {isa = PBXBuildFile; fileRef = 0F0000010000000000000104 /* PlayerViewModel.swift */; };
		0F0000010000000000000005 /* AudioRecorderService.swift in Sources */ = {isa = PBXBuildFile; fileRef = 0F0000010000000000000105 /* AudioRecorderService.swift */; };
		0F0000010000000000000006 /* AudioPlayerService.swift in Sources */ = {isa = PBXBuildFile; fileRef = 0F0000010000000000000106 /* AudioPlayerService.swift */; };
		0F0000010000000000000007 /* RecordingStorageService.swift in Sources */ = {isa = PBXBuildFile; fileRef = 0F0000010000000000000107 /* RecordingStorageService.swift */; };
		0F0000010000000000000008 /* HomeView.swift in Sources */ = {isa = PBXBuildFile; fileRef = 0F0000010000000000000108 /* HomeView.swift */; };
		0F0000010000000000000009 /* RecordButtonView.swift in Sources */ = {isa = PBXBuildFile; fileRef = 0F0000010000000000000109 /* RecordButtonView.swift */; };
		0F000001000000000000000A /* RecordingListView.swift in Sources */ = {isa = PBXBuildFile; fileRef = 0F000001000000000000010A /* RecordingListView.swift */; };
		0F000001000000000000000B /* RecordingRowView.swift in Sources */ = {isa = PBXBuildFile; fileRef = 0F000001000000000000010B /* RecordingRowView.swift */; };
		0F000001000000000000000C /* PlaybackView.swift in Sources */ = {isa = PBXBuildFile; fileRef = 0F000001000000000000010C /* PlaybackView.swift */; };
		0F000001000000000000000D /* OnboardingView.swift in Sources */ = {isa = PBXBuildFile; fileRef = 0F000001000000000000010D /* OnboardingView.swift */; };
		0F000001000000000000000E /* PermissionView.swift in Sources */ = {isa = PBXBuildFile; fileRef = 0F000001000000000000010E /* PermissionView.swift */; };
		0F000001000000000000000F /* TimeFormatter.swift in Sources */ = {isa = PBXBuildFile; fileRef = 0F000001000000000000010F /* TimeFormatter.swift */; };
		0F0000010000000000000010 /* Assets.xcassets in Resources */ = {isa = PBXBuildFile; fileRef = 0F0000010000000000000111 /* Assets.xcassets */; };
		0F0000010000000000000012 /* SynthwaveBackgroundView.swift in Sources */ = {isa = PBXBuildFile; fileRef = 0F0000010000000000000113 /* SynthwaveBackgroundView.swift */; };
/* End PBXBuildFile section */

/* Begin PBXFileReference section */
		0F0000010000000000000100 /* VoiceRPlus.app */ = {isa = PBXFileReference; explicitFileType = wrapper.application; includeInIndex = 0; path = VoiceRPlus.app; sourceTree = BUILT_PRODUCTS_DIR; };
		0F0000010000000000000101 /* VoiceRecorderApp.swift */ = {isa = PBXFileReference; lastKnownFileType = sourcecode.swift; path = VoiceRecorderApp.swift; sourceTree = "<group>"; };
		0F0000010000000000000102 /* Recording.swift */ = {isa = PBXFileReference; lastKnownFileType = sourcecode.swift; path = Recording.swift; sourceTree = "<group>"; };
		0F0000010000000000000103 /* RecorderViewModel.swift */ = {isa = PBXFileReference; lastKnownFileType = sourcecode.swift; path = RecorderViewModel.swift; sourceTree = "<group>"; };
		0F0000010000000000000104 /* PlayerViewModel.swift */ = {isa = PBXFileReference; lastKnownFileType = sourcecode.swift; path = PlayerViewModel.swift; sourceTree = "<group>"; };
		0F0000010000000000000105 /* AudioRecorderService.swift */ = {isa = PBXFileReference; lastKnownFileType = sourcecode.swift; path = AudioRecorderService.swift; sourceTree = "<group>"; };
		0F0000010000000000000106 /* AudioPlayerService.swift */ = {isa = PBXFileReference; lastKnownFileType = sourcecode.swift; path = AudioPlayerService.swift; sourceTree = "<group>"; };
		0F0000010000000000000107 /* RecordingStorageService.swift */ = {isa = PBXFileReference; lastKnownFileType = sourcecode.swift; path = RecordingStorageService.swift; sourceTree = "<group>"; };
		0F0000010000000000000108 /* HomeView.swift */ = {isa = PBXFileReference; lastKnownFileType = sourcecode.swift; path = HomeView.swift; sourceTree = "<group>"; };
		0F0000010000000000000109 /* RecordButtonView.swift */ = {isa = PBXFileReference; lastKnownFileType = sourcecode.swift; path = RecordButtonView.swift; sourceTree = "<group>"; };
		0F000001000000000000010A /* RecordingListView.swift */ = {isa = PBXFileReference; lastKnownFileType = sourcecode.swift; path = RecordingListView.swift; sourceTree = "<group>"; };
		0F000001000000000000010B /* RecordingRowView.swift */ = {isa = PBXFileReference; lastKnownFileType = sourcecode.swift; path = RecordingRowView.swift; sourceTree = "<group>"; };
		0F000001000000000000010C /* PlaybackView.swift */ = {isa = PBXFileReference; lastKnownFileType = sourcecode.swift; path = PlaybackView.swift; sourceTree = "<group>"; };
		0F000001000000000000010D /* OnboardingView.swift */ = {isa = PBXFileReference; lastKnownFileType = sourcecode.swift; path = OnboardingView.swift; sourceTree = "<group>"; };
		0F000001000000000000010E /* PermissionView.swift */ = {isa = PBXFileReference; lastKnownFileType = sourcecode.swift; path = PermissionView.swift; sourceTree = "<group>"; };
		0F000001000000000000010F /* TimeFormatter.swift */ = {isa = PBXFileReference; lastKnownFileType = sourcecode.swift; path = TimeFormatter.swift; sourceTree = "<group>"; };
		0F0000010000000000000110 /* Info.plist */ = {isa = PBXFileReference; lastKnownFileType = text.plist.xml; path = Info.plist; sourceTree = "<group>"; };
		0F0000010000000000000111 /* Assets.xcassets */ = {isa = PBXFileReference; lastKnownFileType = folder.assetcatalog; path = Assets.xcassets; sourceTree = "<group>"; };
		0F0000010000000000000113 /* SynthwaveBackgroundView.swift */ = {isa = PBXFileReference; lastKnownFileType = sourcecode.swift; path = SynthwaveBackgroundView.swift; sourceTree = "<group>"; };
/* End PBXFileReference section */

/* Begin PBXFrameworksBuildPhase section */
		0F0000010000000000000200 /* Frameworks */ = {
			isa = PBXFrameworksBuildPhase;
			buildActionMask = 2147483647;
			files = (
			);
			runOnlyForDeploymentPostprocessing = 0;
		};
/* End PBXFrameworksBuildPhase section */

/* Begin PBXGroup section */
		0F0000010000000000000300 = {
			isa = PBXGroup;
			children = (
				0F0000010000000000000301 /* VoiceRecorder */,
				0F0000010000000000000308 /* Products */,
			);
			sourceTree = "<group>";
		};
		0F0000010000000000000301 /* VoiceRecorder */ = {
			isa = PBXGroup;
			children = (
				0F0000010000000000000101 /* VoiceRecorderApp.swift */,
				0F0000010000000000000302 /* Models */,
				0F0000010000000000000303 /* ViewModels */,
				0F0000010000000000000304 /* Services */,
				0F0000010000000000000305 /* Views */,
				0F0000010000000000000306 /* Utilities */,
				0F0000010000000000000111 /* Assets.xcassets */,
				0F0000010000000000000110 /* Info.plist */,
			);
			path = VoiceRecorder;
			sourceTree = "<group>";
		};
		0F0000010000000000000302 /* Models */ = {
			isa = PBXGroup;
			children = (
				0F0000010000000000000102 /* Recording.swift */,
			);
			path = Models;
			sourceTree = "<group>";
		};
		0F0000010000000000000303 /* ViewModels */ = {
			isa = PBXGroup;
			children = (
				0F0000010000000000000103 /* RecorderViewModel.swift */,
				0F0000010000000000000104 /* PlayerViewModel.swift */,
			);
			path = ViewModels;
			sourceTree = "<group>";
		};
		0F0000010000000000000304 /* Services */ = {
			isa = PBXGroup;
			children = (
				0F0000010000000000000105 /* AudioRecorderService.swift */,
				0F0000010000000000000106 /* AudioPlayerService.swift */,
				0F0000010000000000000107 /* RecordingStorageService.swift */,
			);
			path = Services;
			sourceTree = "<group>";
		};
		0F0000010000000000000305 /* Views */ = {
			isa = PBXGroup;
			children = (
				0F0000010000000000000108 /* HomeView.swift */,
				0F0000010000000000000109 /* RecordButtonView.swift */,
				0F000001000000000000010A /* RecordingListView.swift */,
				0F000001000000000000010B /* RecordingRowView.swift */,
				0F000001000000000000010C /* PlaybackView.swift */,
				0F000001000000000000010D /* OnboardingView.swift */,
				0F000001000000000000010E /* PermissionView.swift */,
				0F0000010000000000000113 /* SynthwaveBackgroundView.swift */,
			);
			path = Views;
			sourceTree = "<group>";
		};
		0F0000010000000000000306 /* Utilities */ = {
			isa = PBXGroup;
			children = (
				0F000001000000000000010F /* TimeFormatter.swift */,
			);
			path = Utilities;
			sourceTree = "<group>";
		};
		0F0000010000000000000308 /* Products */ = {
			isa = PBXGroup;
			children = (
				0F0000010000000000000100 /* VoiceRPlus.app */,
			);
			name = Products;
			sourceTree = "<group>";
		};
/* End PBXGroup section */

/* Begin PBXNativeTarget section */
		0F0000010000000000000400 /* Voice R+ */ = {
			isa = PBXNativeTarget;
			buildConfigurationList = 0F0000010000000000000500 /* Build configuration list for PBXNativeTarget "Voice R+" */;
			buildPhases = (
				0F0000010000000000000600 /* Sources */,
				0F0000010000000000000200 /* Frameworks */,
				0F0000010000000000000601 /* Resources */,
			);
			buildRules = (
			);
			dependencies = (
			);
			name = "Voice R+";
			productName = VoiceRPlus;
			productReference = 0F0000010000000000000100 /* VoiceRPlus.app */;
			productType = "com.apple.product-type.application";
		};
/* End PBXNativeTarget section */

/* Begin PBXProject section */
		0F0000010000000000000700 /* Project object */ = {
			isa = PBXProject;
			attributes = {
				BuildIndependentTargetsInParallel = 1;
				LastSwiftUpdateCheck = 1530;
				LastUpgradeCheck = 2650;
				TargetAttributes = {
					0F0000010000000000000400 = {
						CreatedOnToolsVersion = 15.3;
					};
				};
			};
			buildConfigurationList = 0F0000010000000000000501 /* Build configuration list for PBXProject "VoiceRecorder" */;
			compatibilityVersion = "Xcode 14.0";
			developmentRegion = en;
			hasScannedForEncodings = 0;
			knownRegions = (
				en,
				Base,
			);
			mainGroup = 0F0000010000000000000300;
			productRefGroup = 0F0000010000000000000308 /* Products */;
			projectDirPath = "";
			projectRoot = "";
			targets = (
				0F0000010000000000000400 /* Voice R+ */,
			);
		};
/* End PBXProject section */

/* Begin PBXResourcesBuildPhase section */
		0F0000010000000000000601 /* Resources */ = {
			isa = PBXResourcesBuildPhase;
			buildActionMask = 2147483647;
			files = (
				0F0000010000000000000010 /* Assets.xcassets in Resources */,
			);
			runOnlyForDeploymentPostprocessing = 0;
		};
/* End PBXResourcesBuildPhase section */

/* Begin PBXSourcesBuildPhase section */
		0F0000010000000000000600 /* Sources */ = {
			isa = PBXSourcesBuildPhase;
			buildActionMask = 2147483647;
			files = (
				0F0000010000000000000001 /* VoiceRecorderApp.swift in Sources */,
				0F0000010000000000000002 /* Recording.swift in Sources */,
				0F0000010000000000000003 /* RecorderViewModel.swift in Sources */,
				0F0000010000000000000004 /* PlayerViewModel.swift in Sources */,
				0F0000010000000000000005 /* AudioRecorderService.swift in Sources */,
				0F0000010000000000000006 /* AudioPlayerService.swift in Sources */,
				0F0000010000000000000007 /* RecordingStorageService.swift in Sources */,
				0F0000010000000000000008 /* HomeView.swift in Sources */,
				0F0000010000000000000009 /* RecordButtonView.swift in Sources */,
				0F000001000000000000000A /* RecordingListView.swift in Sources */,
				0F000001000000000000000B /* RecordingRowView.swift in Sources */,
				0F000001000000000000000C /* PlaybackView.swift in Sources */,
				0F000001000000000000000D /* OnboardingView.swift in Sources */,
				0F000001000000000000000E /* PermissionView.swift in Sources */,
				0F000001000000000000000F /* TimeFormatter.swift in Sources */,
				0F0000010000000000000012 /* SynthwaveBackgroundView.swift in Sources */,
			);
			runOnlyForDeploymentPostprocessing = 0;
		};
/* End PBXSourcesBuildPhase section */

/* Begin XCBuildConfiguration section */
		0F0000010000000000000800 /* Debug */ = {
			isa = XCBuildConfiguration;
			buildSettings = {
				ALWAYS_SEARCH_USER_PATHS = NO;
				CLANG_ANALYZER_NONNULL = YES;
				CLANG_ANALYZER_NUMBER_OBJECT_CONVERSION = YES_AGGRESSIVE;
				CLANG_CXX_LANGUAGE_STANDARD = "gnu++20";
				CLANG_ENABLE_MODULES = YES;
				CLANG_ENABLE_OBJC_ARC = YES;
				CLANG_ENABLE_OBJC_WEAK = YES;
				CLANG_WARN_BLOCK_CAPTURE_AUTORELEASING = YES;
				CLANG_WARN_BOOL_CONVERSION = YES;
				CLANG_WARN_COMMA = YES;
				CLANG_WARN_CONSTANT_CONVERSION = YES;
				CLANG_WARN_DEPRECATED_OBJC_IMPLEMENTATIONS = YES;
				CLANG_WARN_DIRECT_OBJC_ISA_USAGE = YES_ERROR;
				CLANG_WARN_DOCUMENTATION_COMMENTS = YES;
				CLANG_WARN_EMPTY_BODY = YES;
				CLANG_WARN_ENUM_CONVERSION = YES;
				CLANG_WARN_INFINITE_RECURSION = YES;
				CLANG_WARN_INT_CONVERSION = YES;
				CLANG_WARN_NON_LITERAL_NULL_CONVERSION = YES;
				CLANG_WARN_OBJC_IMPLICIT_RETAIN_SELF = YES;
				CLANG_WARN_OBJC_LITERAL_CONVERSION = YES;
				CLANG_WARN_OBJC_ROOT_CLASS = YES_ERROR;
				CLANG_WARN_QUOTED_INCLUDE_IN_FRAMEWORK_HEADER = YES;
				CLANG_WARN_RANGE_LOOP_ANALYSIS = YES;
				CLANG_WARN_STRICT_PROTOTYPES = YES;
				CLANG_WARN_SUSPICIOUS_MOVE = YES;
				CLANG_WARN_UNGUARDED_AVAILABILITY = YES_AGGRESSIVE;
				CLANG_WARN_UNREACHABLE_CODE = YES;
				CLANG_WARN__DUPLICATE_METHOD_MATCH = YES;
				COPY_PHASE_STRIP = NO;
				DEBUG_INFORMATION_FORMAT = dwarf;
				DEVELOPMENT_TEAM = RG6E263GKB;
				ENABLE_STRICT_OBJC_MSGSEND = YES;
				ENABLE_TESTABILITY = YES;
				ENABLE_USER_SCRIPT_SANDBOXING = YES;
				GCC_C_LANGUAGE_STANDARD = gnu17;
				GCC_DYNAMIC_NO_PIC = NO;
				GCC_NO_COMMON_BLOCKS = YES;
				GCC_OPTIMIZATION_LEVEL = 0;
				GCC_PREPROCESSOR_DEFINITIONS = (
					"DEBUG=1",
					"$(inherited)",
				);
				GCC_WARN_64_TO_32_BIT_CONVERSION = YES;
				GCC_WARN_ABOUT_RETURN_TYPE = YES_ERROR;
				GCC_WARN_UNDECLARED_SELECTOR = YES;
				GCC_WARN_UNINITIALIZED_AUTOS = YES_AGGRESSIVE;
				GCC_WARN_UNUSED_FUNCTION = YES;
				GCC_WARN_UNUSED_VARIABLE = YES;
				IPHONEOS_DEPLOYMENT_TARGET = 17.0;
				MTL_ENABLE_DEBUG_INFO = INCLUDE_SOURCE;
				MTL_FAST_MATH = YES;
				ONLY_ACTIVE_ARCH = YES;
				SDKROOT = iphoneos;
				STRING_CATALOG_GENERATE_SYMBOLS = YES;
				SWIFT_ACTIVE_COMPILATION_CONDITIONS = "DEBUG $(inherited)";
				SWIFT_OPTIMIZATION_LEVEL = "-Onone";
			};
			name = Debug;
		};
		0F0000010000000000000801 /* Release */ = {
			isa = XCBuildConfiguration;
			buildSettings = {
				ALWAYS_SEARCH_USER_PATHS = NO;
				CLANG_ANALYZER_NONNULL = YES;
				CLANG_ANALYZER_NUMBER_OBJECT_CONVERSION = YES_AGGRESSIVE;
				CLANG_CXX_LANGUAGE_STANDARD = "gnu++20";
				CLANG_ENABLE_MODULES = YES;
				CLANG_ENABLE_OBJC_ARC = YES;
				CLANG_ENABLE_OBJC_WEAK = YES;
				CLANG_WARN_BLOCK_CAPTURE_AUTORELEASING = YES;
				CLANG_WARN_BOOL_CONVERSION = YES;
				CLANG_WARN_COMMA = YES;
				CLANG_WARN_CONSTANT_CONVERSION = YES;
				CLANG_WARN_DEPRECATED_OBJC_IMPLEMENTATIONS = YES;
				CLANG_WARN_DIRECT_OBJC_ISA_USAGE = YES_ERROR;
				CLANG_WARN_DOCUMENTATION_COMMENTS = YES;
				CLANG_WARN_EMPTY_BODY = YES;
				CLANG_WARN_ENUM_CONVERSION = YES;
				CLANG_WARN_INFINITE_RECURSION = YES;
				CLANG_WARN_INT_CONVERSION = YES;
				CLANG_WARN_NON_LITERAL_NULL_CONVERSION = YES;
				CLANG_WARN_OBJC_IMPLICIT_RETAIN_SELF = YES;
				CLANG_WARN_OBJC_LITERAL_CONVERSION = YES;
				CLANG_WARN_OBJC_ROOT_CLASS = YES_ERROR;
				CLANG_WARN_QUOTED_INCLUDE_IN_FRAMEWORK_HEADER = YES;
				CLANG_WARN_RANGE_LOOP_ANALYSIS = YES;
				CLANG_WARN_STRICT_PROTOTYPES = YES;
				CLANG_WARN_SUSPICIOUS_MOVE = YES;
				CLANG_WARN_UNGUARDED_AVAILABILITY = YES_AGGRESSIVE;
				CLANG_WARN_UNREACHABLE_CODE = YES;
				CLANG_WARN__DUPLICATE_METHOD_MATCH = YES;
				COPY_PHASE_STRIP = NO;
				DEBUG_INFORMATION_FORMAT = "dwarf-with-dsym";
				DEVELOPMENT_TEAM = RG6E263GKB;
				ENABLE_NS_ASSERTIONS = NO;
				ENABLE_STRICT_OBJC_MSGSEND = YES;
				ENABLE_USER_SCRIPT_SANDBOXING = YES;
				GCC_C_LANGUAGE_STANDARD = gnu17;
				GCC_NO_COMMON_BLOCKS = YES;
				GCC_WARN_64_TO_32_BIT_CONVERSION = YES;
				GCC_WARN_ABOUT_RETURN_TYPE = YES_ERROR;
				GCC_WARN_UNDECLARED_SELECTOR = YES;
				GCC_WARN_UNINITIALIZED_AUTOS = YES_AGGRESSIVE;
				GCC_WARN_UNUSED_FUNCTION = YES;
				GCC_WARN_UNUSED_VARIABLE = YES;
				IPHONEOS_DEPLOYMENT_TARGET = 17.0;
				MTL_ENABLE_DEBUG_INFO = NO;
				MTL_FAST_MATH = YES;
				SDKROOT = iphoneos;
				STRING_CATALOG_GENERATE_SYMBOLS = YES;
				SWIFT_COMPILATION_MODE = wholemodule;
				VALIDATE_PRODUCT = YES;
			};
			name = Release;
		};
		0F0000010000000000000802 /* Debug */ = {
			isa = XCBuildConfiguration;
			buildSettings = {
				ASSETCATALOG_COMPILER_APPICON_NAME = AppIcon;
				CODE_SIGN_STYLE = Automatic;
				CURRENT_PROJECT_VERSION = 1;
				GENERATE_INFOPLIST_FILE = NO;
				INFOPLIST_FILE = VoiceRecorder/Info.plist;
				INFOPLIST_KEY_CFBundleDisplayName = "Voice R+";
				IPHONEOS_DEPLOYMENT_TARGET = 17.0;
				MARKETING_VERSION = 1.0;
				PRODUCT_BUNDLE_IDENTIFIER = com.neversatellite.voicerplus;
				PRODUCT_NAME = VoiceRPlus;
				SUPPORTED_PLATFORMS = "iphoneos iphonesimulator";
				SUPPORTS_MACCATALYST = NO;
				SUPPORTS_MAC_DESIGNED_FOR_IPHONE_IPAD = NO;
				SWIFT_EMIT_LOC_STRINGS = YES;
				SWIFT_VERSION = 5.0;
				TARGETED_DEVICE_FAMILY = 1;
			};
			name = Debug;
		};
		0F0000010000000000000803 /* Release */ = {
			isa = XCBuildConfiguration;
			buildSettings = {
				ASSETCATALOG_COMPILER_APPICON_NAME = AppIcon;
				CODE_SIGN_STYLE = Automatic;
				CURRENT_PROJECT_VERSION = 1;
				GENERATE_INFOPLIST_FILE = NO;
				INFOPLIST_FILE = VoiceRecorder/Info.plist;
				INFOPLIST_KEY_CFBundleDisplayName = "Voice R+";
				IPHONEOS_DEPLOYMENT_TARGET = 17.0;
				MARKETING_VERSION = 1.0;
				PRODUCT_BUNDLE_IDENTIFIER = com.neversatellite.voicerplus;
				PRODUCT_NAME = VoiceRPlus;
				SUPPORTED_PLATFORMS = "iphoneos iphonesimulator";
				SUPPORTS_MACCATALYST = NO;
				SUPPORTS_MAC_DESIGNED_FOR_IPHONE_IPAD = NO;
				SWIFT_EMIT_LOC_STRINGS = YES;
				SWIFT_VERSION = 5.0;
				TARGETED_DEVICE_FAMILY = 1;
			};
			name = Release;
		};
/* End XCBuildConfiguration section */

/* Begin XCConfigurationList section */
		0F0000010000000000000500 /* Build configuration list for PBXNativeTarget "Voice R+" */ = {
			isa = XCConfigurationList;
			buildConfigurations = (
				0F0000010000000000000802 /* Debug */,
				0F0000010000000000000803 /* Release */,
			);
			defaultConfigurationIsVisible = 0;
			defaultConfigurationName = Release;
		};
		0F0000010000000000000501 /* Build configuration list for PBXProject "VoiceRecorder" */ = {
			isa = XCConfigurationList;
			buildConfigurations = (
				0F0000010000000000000800 /* Debug */,
				0F0000010000000000000801 /* Release */,
			);
			defaultConfigurationIsVisible = 0;
			defaultConfigurationName = Release;
		};
/* End XCConfigurationList section */
	};
	rootObject = 0F0000010000000000000700 /* Project object */;
}
